[[package]]
name = "alabaster"
version = "0.7.12"
description = "A configurable sidebar-enabled Sphinx theme"
category = "main"
optional = false
python-versions = "*"

[[package]]
name = "babel"
version = "2.10.3"
description = "Internationalization utilities"
category = "main"
optional = false
python-versions = ">=3.6"

[package.dependencies]
pytz = ">=2015.7"

[[package]]
name = "beautifulsoup4"
version = "4.11.1"
description = "Screen-scraping library"
category = "main"
optional = false
python-versions = ">=3.6.0"

[package.dependencies]
soupsieve = ">1.2"

[package.extras]
html5lib = ["html5lib"]
lxml = ["lxml"]

[[package]]
name = "brotli"
version = "1.0.9"
description = "Python bindings for the Brotli compression library"
category = "main"
optional = false
python-versions = "*"

[[package]]
name = "brotlicffi"
version = "1.0.9.2"
description = "Python CFFI bindings to the Brotli library"
category = "main"
optional = false
python-versions = "*"

[package.dependencies]
cffi = ">=1.0.0"

[[package]]
name = "certifi"
version = "2022.6.15"
description = "Python package for providing Mozilla's CA Bundle."
category = "main"
optional = false
python-versions = ">=3.6"

[[package]]
name = "cffi"
version = "1.15.1"
description = "Foreign Function Interface for Python calling C code."
category = "main"
optional = false
python-versions = "*"

[package.dependencies]
pycparser = "*"

[[package]]
name = "charset-normalizer"
version = "2.1.0"
description = "The Real First Universal Charset Detector. Open, modern and actively maintained alternative to Chardet."
category = "main"
optional = false
python-versions = ">=3.6.0"

[package.extras]
unicode_backport = ["unicodedata2"]

[[package]]
name = "colorama"
version = "0.4.5"
description = "Cross-platform colored terminal text."
category = "main"
optional = false
python-versions = ">=2.7, !=3.0.*, !=3.1.*, !=3.2.*, !=3.3.*, !=3.4.*"

[[package]]
name = "cycler"
version = "0.11.0"
description = "Composable style cycles"
category = "main"
optional = false
python-versions = ">=3.6"

[[package]]
name = "data"
version = "0.4"
description = "Work with unicode/non-unicode data from files or strings uniformly."
category = "main"
optional = false
python-versions = "*"

[package.dependencies]
decorator = "*"
funcsigs = "*"
six = "*"

[[package]]
name = "decorator"
version = "5.1.1"
description = "Decorators for Humans"
category = "main"
optional = false
python-versions = ">=3.5"

[[package]]
name = "doc8"
version = "0.11.1"
description = "Style checker for Sphinx (or other) RST documentation"
category = "main"
optional = false
python-versions = ">=3.6"

[package.dependencies]
docutils = "*"
Pygments = "*"
restructuredtext-lint = ">=0.7"
stevedore = "*"

[[package]]
name = "docutils"
version = "0.17"
description = "Docutils -- Python Documentation Utilities"
category = "main"
optional = false
python-versions = ">=2.7, !=3.0.*, !=3.1.*, !=3.2.*, !=3.3.*, !=3.4.*"

[[package]]
name = "fonttools"
version = "4.33.3"
description = "Tools to manipulate font files"
category = "main"
optional = false
python-versions = ">=3.7"

[package.dependencies]
brotli = {version = ">=1.0.1", optional = true, markers = "platform_python_implementation == \"CPython\" and extra == \"woff\""}
brotlicffi = {version = ">=0.8.0", optional = true, markers = "platform_python_implementation != \"CPython\" and extra == \"woff\""}
zopfli = {version = ">=0.1.4", optional = true, markers = "extra == \"woff\""}

[package.extras]
all = ["fs (>=2.2.0,<3)", "lxml (>=4.0,<5)", "zopfli (>=0.1.4)", "lz4 (>=1.7.4.2)", "matplotlib", "sympy", "skia-pathops (>=0.5.0)", "uharfbuzz (>=0.23.0)", "brotlicffi (>=0.8.0)", "scipy", "brotli (>=1.0.1)", "munkres", "unicodedata2 (>=14.0.0)", "xattr"]
graphite = ["lz4 (>=1.7.4.2)"]
interpolatable = ["scipy", "munkres"]
lxml = ["lxml (>=4.0,<5)"]
pathops = ["skia-pathops (>=0.5.0)"]
plot = ["matplotlib"]
repacker = ["uharfbuzz (>=0.23.0)"]
symfont = ["sympy"]
type1 = ["xattr"]
ufo = ["fs (>=2.2.0,<3)"]
unicode = ["unicodedata2 (>=14.0.0)"]
woff = ["zopfli (>=0.1.4)", "brotlicffi (>=0.8.0)", "brotli (>=1.0.1)"]

[[package]]
name = "frccontrol"
version = "2022.14"
description = "Wrappers around Python Control for making development of state-space models for the FIRST Robotics Competition easier"
category = "main"
optional = false
python-versions = "*"

[package.dependencies]
matplotlib = "*"
numpy = "*"
scipy = "*"

[[package]]
name = "funcsigs"
version = "1.0.2"
description = "Python function signatures from PEP362 for Python 2.6, 2.7 and 3.2+"
category = "main"
optional = false
python-versions = "*"

[[package]]
name = "future"
version = "0.18.2"
description = "Clean single-source support for Python 3 and 2"
category = "main"
optional = false
python-versions = ">=2.6, !=3.0.*, !=3.1.*, !=3.2.*"

[[package]]
name = "gitdb"
version = "4.0.9"
description = "Git Object Database"
category = "main"
optional = false
python-versions = ">=3.6"

[package.dependencies]
smmap = ">=3.0.1,<6"

[[package]]
name = "gitpython"
version = "3.1.27"
description = "GitPython is a python library used to interact with Git repositories"
category = "main"
optional = false
python-versions = ">=3.7"

[package.dependencies]
gitdb = ">=4.0.1,<5"

[[package]]
name = "idna"
version = "3.3"
description = "Internationalized Domain Names in Applications (IDNA)"
category = "main"
optional = false
python-versions = ">=3.5"

[[package]]
name = "imagesize"
version = "1.4.1"
description = "Getting image size from png/jpeg/jpeg2000/gif file"
category = "main"
optional = false
python-versions = ">=2.7, !=3.0.*, !=3.1.*, !=3.2.*, !=3.3.*"

[[package]]
name = "importlib-metadata"
version = "4.12.0"
description = "Read metadata from Python packages"
category = "main"
optional = false
python-versions = ">=3.7"

[package.dependencies]
zipp = ">=0.5"

[package.extras]
docs = ["sphinx", "jaraco.packaging (>=9)", "rst.linker (>=1.9)"]
perf = ["ipython"]
testing = ["pytest (>=6)", "pytest-checkdocs (>=2.4)", "pytest-flake8", "pytest-cov", "pytest-enabler (>=1.3)", "packaging", "pyfakefs", "flufl.flake8", "pytest-perf (>=0.9.2)", "pytest-black (>=0.3.7)", "pytest-mypy (>=0.9.1)", "importlib-resources (>=1.3)"]

[[package]]
name = "jinja2"
version = "3.1.2"
description = "A very fast and expressive template engine."
category = "main"
optional = false
python-versions = ">=3.7"

[package.dependencies]
MarkupSafe = ">=2.0"

[package.extras]
i18n = ["Babel (>=2.7)"]

[[package]]
name = "kiwisolver"
version = "1.4.4"
description = "A fast implementation of the Cassowary constraint solver"
category = "main"
optional = false
python-versions = ">=3.7"

[[package]]
name = "latex"
version = "0.7.0"
description = "Wrappers for calling LaTeX/building LaTeX documents."
category = "main"
optional = false
python-versions = "*"

[package.dependencies]
data = "*"
future = "*"
shutilwhich = "*"
tempdir = "*"

[[package]]
name = "markupsafe"
version = "2.1.1"
description = "Safely add untrusted strings to HTML/XML markup."
category = "main"
optional = false
python-versions = ">=3.7"

[[package]]
name = "matplotlib"
version = "3.5.2"
description = "Python plotting package"
category = "main"
optional = false
python-versions = ">=3.7"

[package.dependencies]
cycler = ">=0.10"
fonttools = ">=4.22.0"
kiwisolver = ">=1.0.1"
numpy = ">=1.17"
packaging = ">=20.0"
pillow = ">=6.2.0"
pyparsing = ">=2.2.1"
python-dateutil = ">=2.7"
setuptools_scm = ">=4"

[[package]]
name = "numpy"
version = "1.23.1"
description = "NumPy is the fundamental package for array computing with Python."
category = "main"
optional = false
python-versions = ">=3.8"

[[package]]
name = "packaging"
version = "20.9"
description = "Core utilities for Python packages"
category = "main"
optional = false
python-versions = ">=2.7, !=3.0.*, !=3.1.*, !=3.2.*, !=3.3.*"

[package.dependencies]
pyparsing = ">=2.0.2"

[[package]]
name = "pbr"
version = "5.9.0"
description = "Python Build Reasonableness"
category = "main"
optional = false
python-versions = ">=2.6"

[[package]]
name = "pillow"
version = "9.2.0"
description = "Python Imaging Library (Fork)"
category = "main"
optional = false
python-versions = ">=3.7"

[package.extras]
docs = ["furo", "olefile", "sphinx (>=2.4)", "sphinx-copybutton", "sphinx-issues (>=3.0.1)", "sphinx-removed-in", "sphinxext-opengraph"]
tests = ["check-manifest", "coverage", "defusedxml", "markdown2", "olefile", "packaging", "pyroma", "pytest", "pytest-cov", "pytest-timeout"]

[[package]]
name = "pycparser"
version = "2.21"
description = "C parser in Python"
category = "main"
optional = false
python-versions = ">=2.7, !=3.0.*, !=3.1.*, !=3.2.*, !=3.3.*"

[[package]]
name = "pygments"
version = "2.12.0"
description = "Pygments is a syntax highlighting package written in Python."
category = "main"
optional = false
python-versions = ">=3.6"

[[package]]
name = "pyparsing"
version = "3.0.9"
description = "pyparsing module - Classes and methods to define and execute parsing grammars"
category = "main"
optional = false
python-versions = ">=3.6.8"

[package.extras]
diagrams = ["railroad-diagrams", "jinja2"]

[[package]]
name = "python-dateutil"
version = "2.8.2"
description = "Extensions to the standard Python datetime module"
category = "main"
optional = false
python-versions = "!=3.0.*,!=3.1.*,!=3.2.*,>=2.7"

[package.dependencies]
six = ">=1.5"

[[package]]
name = "pytz"
version = "2022.1"
description = "World timezone definitions, modern and historical"
category = "main"
optional = false
python-versions = "*"

[[package]]
name = "requests"
version = "2.28.1"
description = "Python HTTP for Humans."
category = "main"
optional = false
python-versions = ">=3.7, <4"

[package.dependencies]
certifi = ">=2017.4.17"
charset-normalizer = ">=2,<3"
idna = ">=2.5,<4"
urllib3 = ">=1.21.1,<1.27"

[package.extras]
socks = ["PySocks (>=1.5.6,!=1.5.7)"]
use_chardet_on_py3 = ["chardet (>=3.0.2,<6)"]

[[package]]
name = "restructuredtext-lint"
version = "1.4.0"
description = "reStructuredText linter"
category = "main"
optional = false
python-versions = "*"

[package.dependencies]
docutils = ">=0.11,<1.0"

[[package]]
name = "scipy"
version = "1.9.0"
description = "SciPy: Scientific Library for Python"
category = "main"
optional = false
python-versions = ">=3.8,<3.12"

[package.dependencies]
numpy = ">=1.18.5,<1.25.0"

[[package]]
name = "setuptools-scm"
version = "7.0.5"
description = "the blessed package to manage your versions by scm tags"
category = "main"
optional = false
python-versions = ">=3.7"

[package.dependencies]
packaging = ">=20.0"
tomli = ">=1.0.0"
typing-extensions = "*"

[package.extras]
test = ["pytest (>=6.2)", "virtualenv (>20)"]
toml = ["setuptools (>=42)"]

[[package]]
name = "shutilwhich"
version = "1.1.0"
description = "shutil.which for those not using Python 3.3 yet."
category = "main"
optional = false
python-versions = "*"

[[package]]
name = "six"
version = "1.16.0"
description = "Python 2 and 3 compatibility utilities"
category = "main"
optional = false
python-versions = ">=2.7, !=3.0.*, !=3.1.*, !=3.2.*"

[[package]]
name = "smmap"
version = "5.0.0"
description = "A pure Python implementation of a sliding window memory map manager"
category = "main"
optional = false
python-versions = ">=3.6"

[[package]]
name = "snowballstemmer"
version = "2.2.0"
description = "This package provides 29 stemmers for 28 languages generated from Snowball algorithms."
category = "main"
optional = false
python-versions = "*"

[[package]]
name = "soupsieve"
version = "2.3.2.post1"
description = "A modern CSS selector implementation for Beautiful Soup."
category = "main"
optional = false
python-versions = ">=3.6"

[[package]]
name = "sphinx"
version = "4.5.0"
description = "Python documentation generator"
category = "main"
optional = false
python-versions = ">=3.6"

[package.dependencies]
alabaster = ">=0.7,<0.8"
babel = ">=1.3"
colorama = {version = ">=0.3.5", markers = "sys_platform == \"win32\""}
docutils = ">=0.14,<0.18"
imagesize = "*"
importlib-metadata = {version = ">=4.4", markers = "python_version < \"3.10\""}
Jinja2 = ">=2.3"
packaging = "*"
Pygments = ">=2.0"
requests = ">=2.5.0"
snowballstemmer = ">=1.1"
sphinxcontrib-applehelp = "*"
sphinxcontrib-devhelp = "*"
sphinxcontrib-htmlhelp = ">=2.0.0"
sphinxcontrib-jsmath = "*"
sphinxcontrib-qthelp = "*"
sphinxcontrib-serializinghtml = ">=1.1.5"

[package.extras]
docs = ["sphinxcontrib-websupport"]
lint = ["flake8 (>=3.5.0)", "isort", "mypy (>=0.931)", "docutils-stubs", "types-typed-ast", "types-requests"]
test = ["pytest", "pytest-cov", "html5lib", "cython", "typed-ast"]

[[package]]
name = "sphinx-hoverxref"
version = "1.0.1"
description = "Sphinx extension to embed content in a tooltip on xref hover"
category = "main"
optional = false
python-versions = "*"

[[package]]
name = "sphinx-notfound-page"
version = "0.8"
description = "Sphinx extension to build a 404 page with absolute URLs"
category = "main"
optional = false
python-versions = "*"

[[package]]
name = "sphinx-panels"
version = "0.6.0"
description = "A sphinx extension for creating panels in a grid layout."
category = "main"
optional = false
python-versions = "*"

[package.dependencies]
docutils = "*"
sphinx = ">=2,<5"

[package.extras]
themes = ["myst-parser (>=0.12.9,<0.13.0)", "sphinx-book-theme (>=0.0.36,<0.1.0)", "pydata-sphinx-theme (>=0.4.0,<0.5.0)", "sphinx-rtd-theme"]
testing = ["pytest-regressions (>=2.0.1,<2.1.0)", "pytest (>=6.0.1,<6.1.0)"]
live-dev = ["web-compile (>=0.2.0,<0.3.0)", "sphinx-autobuild"]
code_style = ["pre-commit (>=2.7.0,<2.8.0)"]

[[package]]
name = "sphinx-rtd-theme"
version = "1.0.0"
description = "Read the Docs theme for Sphinx"
category = "main"
optional = false
python-versions = ">=2.7,!=3.0.*,!=3.1.*,!=3.2.*,!=3.3.*"

[package.dependencies]
docutils = "<0.18"
sphinx = ">=1.6"

[package.extras]
dev = ["bump2version", "sphinxcontrib-httpdomain", "transifex-client"]

[[package]]
name = "sphinx-tabs"
version = "3.3.1"
description = "Tabbed views for Sphinx"
category = "main"
optional = false
python-versions = "~=3.6"

[package.dependencies]
docutils = ">=0.17.0,<0.18.0"
pygments = "*"
sphinx = ">=2,<5"

[package.extras]
code_style = ["pre-commit (==2.13.0)"]
testing = ["coverage", "pytest (>=3.6,<4)", "pytest-cov", "pytest-regressions", "pygments", "sphinx-testing", "bs4", "rinohtype"]

[[package]]
name = "sphinx-version-warning"
version = "1.1.2"
description = "Sphinx extension to add a warning banner"
category = "main"
optional = false
python-versions = "*"

[package.dependencies]
sphinx = "*"

[[package]]
name = "sphinxcontrib-applehelp"
version = "1.0.2"
description = "sphinxcontrib-applehelp is a sphinx extension which outputs Apple help books"
category = "main"
optional = false
python-versions = ">=3.5"

[package.extras]
lint = ["flake8", "mypy", "docutils-stubs"]
test = ["pytest"]

[[package]]
name = "sphinxcontrib-devhelp"
version = "1.0.2"
description = "sphinxcontrib-devhelp is a sphinx extension which outputs Devhelp document."
category = "main"
optional = false
python-versions = ">=3.5"

[package.extras]
lint = ["flake8", "mypy", "docutils-stubs"]
test = ["pytest"]

[[package]]
name = "sphinxcontrib-ghcontributors"
version = "0.2.3"
description = "Sphinx extension to render GitHub contributors"
category = "main"
optional = false
python-versions = "*"

[package.dependencies]
requests = "*"
Sphinx = ">=1.6.1"

[[package]]
name = "sphinxcontrib-htmlhelp"
version = "2.0.0"
description = "sphinxcontrib-htmlhelp is a sphinx extension which renders HTML help files"
category = "main"
optional = false
python-versions = ">=3.6"

[package.extras]
test = ["html5lib", "pytest"]
lint = ["docutils-stubs", "mypy", "flake8"]

[[package]]
name = "sphinxcontrib-jsmath"
version = "1.0.1"
description = "A sphinx extension which renders display math in HTML via JavaScript"
category = "main"
optional = false
python-versions = ">=3.5"

[package.extras]
test = ["pytest", "flake8", "mypy"]

[[package]]
name = "sphinxcontrib-qthelp"
version = "1.0.3"
description = "sphinxcontrib-qthelp is a sphinx extension which outputs QtHelp document."
category = "main"
optional = false
python-versions = ">=3.5"

[package.extras]
lint = ["flake8", "mypy", "docutils-stubs"]
test = ["pytest"]

[[package]]
name = "sphinxcontrib-serializinghtml"
version = "1.1.5"
description = "sphinxcontrib-serializinghtml is a sphinx extension which outputs \"serialized\" HTML files (json and pickle)."
category = "main"
optional = false
python-versions = ">=3.5"

[package.extras]
test = ["pytest"]
lint = ["docutils-stubs", "mypy", "flake8"]

[[package]]
name = "sphinxcontrib-svg2pdfconverter"
version = "1.2.0"
description = "Sphinx SVG to PDF converter extension"
category = "main"
optional = false
python-versions = "~=3.4"

[package.dependencies]
Sphinx = ">=1.6.3"

[package.extras]
cairosvg = ["cairosvg (>=1.0)"]

[[package]]
name = "sphinxext-delta"
version = "0.2.0"
description = "Sphinx extension for listing changed Sphinx articles"
category = "main"
optional = false
python-versions = ">=3.6"

[package.dependencies]
requests = "*"
six = "*"
sphinx = ">=2.0"

[[package]]
name = "sphinxext-linkcheckdiff"
version = "0.1.0"
description = "Sphinx Extension to run diff-only linkchecks"
category = "main"
optional = false
python-versions = ">=3.6"

[package.dependencies]
sphinx = ">=3.0"

[[package]]
name = "sphinxext-mimic"
version = "0.1.1"
description = "Sphinx Extension to mimic Sphinx TocTrees"
category = "main"
optional = false
python-versions = ">=3.6"

[package.dependencies]
sphinx = ">=3.0"

[[package]]
name = "sphinxext-opengraph"
version = "0.4.1"
description = "Sphinx Extension to enable OGP support"
category = "main"
optional = false
python-versions = ">=3.6"

[package.dependencies]
sphinx = ">=2.0"

[[package]]
name = "sphinxext-photofinish"
version = "0.1.9"
description = "Sphinx Extension that creates responsive images."
category = "main"
optional = false
python-versions = ">=3.6"

[package.dependencies]
beautifulsoup4 = ">=4"
pillow = ">=8"
sphinx = ">=2.0"
tinycss2 = ">=1.1.1"

[[package]]
name = "sphinxext-presentations"
version = "0.2.2"
description = "Sphinx Extension that turns documentation into presentations."
category = "main"
optional = false
python-versions = ">=3.6"

[package.dependencies]
sphinx = ">=2.0"

[[package]]
name = "sphinxext-rediraffe"
version = "0.2.5"
description = "Sphinx Extension that redirects non-existent pages to working pages."
category = "main"
optional = false
python-versions = ">=3.6"

[package.dependencies]
sphinx = ">=2.0"

[[package]]
name = "sphinxext-remoteliteralinclude"
version = "0.3.0"
description = "Extending literalinclude to include remote URLs"
category = "main"
optional = false
python-versions = ">=3.4"

[package.dependencies]
six = "*"
sphinx = ">=2.0"

[[package]]
name = "sphinxext-toptranslators"
version = "0.1.2"
description = "Sphinx Extension to grab top contributors"
category = "main"
optional = false
python-versions = ">=3.6"

[package.dependencies]
gitpython = "*"
sphinx = ">=2.0"

[[package]]
name = "stevedore"
version = "4.0.0"
description = "Manage dynamic plugins for Python applications"
category = "main"
optional = false
python-versions = ">=3.8"

[package.dependencies]
pbr = ">=2.0.0,<2.1.0 || >2.1.0"

[[package]]
name = "tempdir"
version = "0.7.1"
description = "Tempdirs are temporary directories, based on tempfile.mkdtemp"
category = "main"
optional = false
python-versions = "*"

[[package]]
name = "tinycss2"
version = "1.1.1"
description = "A tiny CSS parser"
category = "main"
optional = false
python-versions = ">=3.6"

[package.dependencies]
webencodings = ">=0.4"

[package.extras]
test = ["coverage", "pytest-isort", "pytest-flake8", "pytest-cov", "pytest"]
doc = ["sphinx-rtd-theme", "sphinx"]

[[package]]
name = "tomli"
version = "2.0.1"
description = "A lil' TOML parser"
category = "main"
optional = false
python-versions = ">=3.7"

[[package]]
name = "typing-extensions"
version = "4.3.0"
description = "Backported and Experimental Type Hints for Python 3.7+"
category = "main"
optional = false
python-versions = ">=3.7"

[[package]]
name = "urllib3"
version = "1.26.11"
description = "HTTP library with thread-safe connection pooling, file post, and more."
category = "main"
optional = false
python-versions = ">=2.7, !=3.0.*, !=3.1.*, !=3.2.*, !=3.3.*, !=3.4.*, !=3.5.*, <4"

[package.extras]
brotli = ["brotlicffi (>=0.8.0)", "brotli (>=1.0.9)", "brotlipy (>=0.6.0)"]
secure = ["pyOpenSSL (>=0.14)", "cryptography (>=1.3.4)", "idna (>=2.0.0)", "certifi", "ipaddress"]
socks = ["PySocks (>=1.5.6,!=1.5.7,<2.0)"]

[[package]]
name = "webencodings"
version = "0.5.1"
description = "Character encoding aliases for legacy web content"
category = "main"
optional = false
python-versions = "*"

[[package]]
name = "zipp"
version = "3.8.1"
description = "Backport of pathlib-compatible object wrapper for zip files"
category = "main"
optional = false
python-versions = ">=3.7"

[package.extras]
docs = ["sphinx", "jaraco.packaging (>=9)", "rst.linker (>=1.9)", "jaraco.tidelift (>=1.4)"]
testing = ["pytest (>=6)", "pytest-checkdocs (>=2.4)", "pytest-flake8", "pytest-cov", "pytest-enabler (>=1.3)", "jaraco.itertools", "func-timeout", "pytest-black (>=0.3.7)", "pytest-mypy (>=0.9.1)"]

[[package]]
name = "zopfli"
version = "0.2.1"
description = "Zopfli module for python"
category = "main"
optional = false
python-versions = ">=3.7"

[package.extras]
test = ["pytest"]

[metadata]
lock-version = "1.1"
python-versions = ">=3.9,<3.12"
content-hash = "376908b13430d6f23c5f106285015b5573c80dae5e9a4b6305d13ee2bade3d72"

[metadata.files]
alabaster = [
    {file = "alabaster-0.7.12-py2.py3-none-any.whl", hash = "sha256:446438bdcca0e05bd45ea2de1668c1d9b032e1a9154c2c259092d77031ddd359"},
    {file = "alabaster-0.7.12.tar.gz", hash = "sha256:a661d72d58e6ea8a57f7a86e37d86716863ee5e92788398526d58b26a4e4dc02"},
]
babel = []
beautifulsoup4 = []
brotli = []
brotlicffi = []
certifi = []
cffi = []
charset-normalizer = []
colorama = []
cycler = []
data = [
    {file = "data-0.4.tar.gz", hash = "sha256:2726a65da1af31e2345b6bba81ae4cee87dddf17f7c62f5c63ba7327a8480667"},
]
decorator = []
doc8 = []
docutils = []
fonttools = []
frccontrol = []
funcsigs = [
    {file = "funcsigs-1.0.2-py2.py3-none-any.whl", hash = "sha256:330cc27ccbf7f1e992e69fef78261dc7c6569012cf397db8d3de0234e6c937ca"},
    {file = "funcsigs-1.0.2.tar.gz", hash = "sha256:a7bb0f2cf3a3fd1ab2732cb49eba4252c2af4240442415b4abce3b87022a8f50"},
]
future = [
    {file = "future-0.18.2.tar.gz", hash = "sha256:b1bead90b70cf6ec3f0710ae53a525360fa360d306a86583adc6bf83a4db537d"},
]
gitdb = []
gitpython = []
idna = []
imagesize = []
importlib-metadata = []
jinja2 = []
kiwisolver = []
latex = [
    {file = "latex-0.7.0.tar.gz", hash = "sha256:bf10c3fe27e9f3adccebc12e90ec239c86dcba101b89221f6775918211482a79"},
]
markupsafe = []
matplotlib = []
numpy = []
packaging = [
    {file = "packaging-20.9-py2.py3-none-any.whl", hash = "sha256:67714da7f7bc052e064859c05c595155bd1ee9f69f76557e21f051443c20947a"},
    {file = "packaging-20.9.tar.gz", hash = "sha256:5b327ac1320dc863dca72f4514ecc086f31186744b84a230374cc1fd776feae5"},
]
pbr = []
pillow = []
pycparser = []
pygments = []
pyparsing = []
python-dateutil = []
pytz = []
requests = []
restructuredtext-lint = []
scipy = []
setuptools-scm = []
shutilwhich = [
    {file = "shutilwhich-1.1.0.tar.gz", hash = "sha256:db1f39c6461e42f630fa617bb8c79090f7711c9ca493e615e43d0610ecb64dc6"},
]
six = []
smmap = []
snowballstemmer = []
soupsieve = []
sphinx = []
sphinx-hoverxref = []
sphinx-notfound-page = []
sphinx-panels = []
sphinx-rtd-theme = []
sphinx-tabs = []
sphinx-version-warning = [
    {file = "sphinx-version-warning-1.1.2.tar.gz", hash = "sha256:9924926fd3e739e32eb42ba2db092ecd7657200107146944fb3e440c9651d945"},
    {file = "sphinx_version_warning-1.1.2-py3-none-any.whl", hash = "sha256:e015947fe7af6c4ba2ce08bb346b1eb822d9dbd797a748757366905f8ce623f1"},
]
sphinxcontrib-applehelp = [
    {file = "sphinxcontrib-applehelp-1.0.2.tar.gz", hash = "sha256:a072735ec80e7675e3f432fcae8610ecf509c5f1869d17e2eecff44389cdbc58"},
    {file = "sphinxcontrib_applehelp-1.0.2-py2.py3-none-any.whl", hash = "sha256:806111e5e962be97c29ec4c1e7fe277bfd19e9652fb1a4392105b43e01af885a"},
]
sphinxcontrib-devhelp = [
    {file = "sphinxcontrib-devhelp-1.0.2.tar.gz", hash = "sha256:ff7f1afa7b9642e7060379360a67e9c41e8f3121f2ce9164266f61b9f4b338e4"},
    {file = "sphinxcontrib_devhelp-1.0.2-py2.py3-none-any.whl", hash = "sha256:8165223f9a335cc1af7ffe1ed31d2871f325254c0423bc0c4c7cd1c1e4734a2e"},
]
sphinxcontrib-ghcontributors = []
sphinxcontrib-htmlhelp = []
sphinxcontrib-jsmath = [
    {file = "sphinxcontrib-jsmath-1.0.1.tar.gz", hash = "sha256:a9925e4a4587247ed2191a22df5f6970656cb8ca2bd6284309578f2153e0c4b8"},
    {file = "sphinxcontrib_jsmath-1.0.1-py2.py3-none-any.whl", hash = "sha256:2ec2eaebfb78f3f2078e73666b1415417a116cc848b72e5172e596c871103178"},
]
sphinxcontrib-qthelp = [
    {file = "sphinxcontrib-qthelp-1.0.3.tar.gz", hash = "sha256:4c33767ee058b70dba89a6fc5c1892c0d57a54be67ddd3e7875a18d14cba5a72"},
    {file = "sphinxcontrib_qthelp-1.0.3-py2.py3-none-any.whl", hash = "sha256:bd9fc24bcb748a8d51fd4ecaade681350aa63009a347a8c14e637895444dfab6"},
]
sphinxcontrib-serializinghtml = []
sphinxcontrib-svg2pdfconverter = []
sphinxext-delta = []
sphinxext-linkcheckdiff = [
    {file = "sphinxext-linkcheckdiff-0.1.0.tar.gz", hash = "sha256:c134d21efafa6a21e209e8181d58df854cbdec7985a7c3eaa1cd6d24b35fabeb"},
    {file = "sphinxext_linkcheckdiff-0.1.0-py3-none-any.whl", hash = "sha256:8caf04db991e10b8a5026f1a602eb6a883e76a09e9619a4d358127735e38fef2"},
]
sphinxext-mimic = []
sphinxext-opengraph = [
    {file = "sphinxext-opengraph-0.4.1.tar.gz", hash = "sha256:6ce428fc078bf2dfdb46fba035958989a4865180d8b6dbb03892692e95e1e5d8"},
    {file = "sphinxext_opengraph-0.4.1-py3-none-any.whl", hash = "sha256:ebdfd83535aad4ffe290d5adffe181dae03b59da7fdd25765ee4982e2041bf9e"},
]
sphinxext-photofinish = []
sphinxext-presentations = []
sphinxext-rediraffe = [
    {file = "sphinxext-rediraffe-0.2.5.tar.gz", hash = "sha256:a17287cdee7763341b91762879e042b33a4916d6a2fc6d2f97a18107325bd2cc"},
    {file = "sphinxext_rediraffe-0.2.5-py3-none-any.whl", hash = "sha256:7b706284d20602acecc1783cc58c8d0543937af1ee53f912bfdc4b258a7e649a"},
]
sphinxext-remoteliteralinclude = []
sphinxext-toptranslators = [
    {file = "sphinxext-toptranslators-0.1.2.tar.gz", hash = "sha256:122ddd31e7dd0d2969b2ebfb128015edea24461c0b2de09184af16f5231ee960"},
    {file = "sphinxext_toptranslators-0.1.2-py3-none-any.whl", hash = "sha256:1438cfbd5f023e69b4e02f16384a1b12ac7dfbd5447deb73cb07b6cd72ee0b48"},
]
stevedore = []
tempdir = [
    {file = "tempdir-0.7.1.tar.gz", hash = "sha256:689680ed3ba4cc8347a70e67efc25086ce85b53b9d24a1420899c585bbf7ba8e"},
]
tinycss2 = []
tomli = []
typing-extensions = []
urllib3 = []
webencodings = []
zipp = []
zopfli = []
